
Microsoft Visual Studio Solution File, Format Version 12.00
# Visual Studio Version 17
VisualStudioVersion = 17.0.32014.148
MinimumVisualStudioVersion = 10.0.40219.1
Project("{FAE04EC0-301F-11D3-BF4B-00C04F79EFBC}") = "lab_12", "lab_12\lab_12.csproj", "{B4A0A3DB-ABFF-4E25-8AA7-20781E9AC26C}"
EndProject
Global
	GlobalSection(SolutionConfigurationPlatforms) = preSolution
		Debug|Any CPU = Debug|Any CPU
		Release|Any CPU = Release|Any CPU
	EndGlobalSection
	GlobalSection(ProjectConfigurationPlatforms) = postSolution
		{B4A0A3DB-ABFF-4E25-8AA7-20781E9AC26C}.Debug|Any CPU.ActiveCfg = Debug|Any CPU
		{B4A0A3DB-ABFF-4E25-8AA7-20781E9AC26C}.Debug|Any CPU.Build.0 = Debug|Any CPU
		{B4A0A3DB-ABFF-4E25-8AA7-20781E9AC26C}.Release|Any CPU.ActiveCfg = Release|Any CPU
		{B4A0A3DB-ABFF-4E25-8AA7-20781E9AC26C}.Release|Any CPU.Build.0 = Release|Any CPU
	EndGlobalSection
	GlobalSection(SolutionProperties) = preSolution
		HideSolutionNode = FALSE
	EndGlobalSection
	GlobalSection(ExtensibilityGlobals) = postSolution
		SolutionGuid = {6939BE04-97FB-4603-AF4E-057708BE343B}
	EndGlobalSection
EndGlobal
