
Microsoft Visual Studio Solution File, Format Version 12.00
# Visual Studio Version 17
VisualStudioVersion = 17.0.32014.148
MinimumVisualStudioVersion = 10.0.40219.1
Project("{FAE04EC0-301F-11D3-BF4B-00C04F79EFBC}") = "laba3sql", "laba3sql\laba3sql.csproj", "{EE2D38E8-5921-4573-B27B-C6648351B454}"
EndProject
Global
	GlobalSection(SolutionConfigurationPlatforms) = preSolution
		Debug|Any CPU = Debug|Any CPU
		Release|Any CPU = Release|Any CPU
	EndGlobalSection
	GlobalSection(ProjectConfigurationPlatforms) = postSolution
		{EE2D38E8-5921-4573-B27B-C6648351B454}.Debug|Any CPU.ActiveCfg = Debug|Any CPU
		{EE2D38E8-5921-4573-B27B-C6648351B454}.Debug|Any CPU.Build.0 = Debug|Any CPU
		{EE2D38E8-5921-4573-B27B-C6648351B454}.Release|Any CPU.ActiveCfg = Release|Any CPU
		{EE2D38E8-5921-4573-B27B-C6648351B454}.Release|Any CPU.Build.0 = Release|Any CPU
	EndGlobalSection
	GlobalSection(SolutionProperties) = preSolution
		HideSolutionNode = FALSE
	EndGlobalSection
	GlobalSection(ExtensibilityGlobals) = postSolution
		SolutionGuid = {A807BA96-4A31-4CE8-9FBD-C8F877CCF097}
	EndGlobalSection
EndGlobal
