
Microsoft Visual Studio Solution File, Format Version 12.00
# Visual Studio Version 17
VisualStudioVersion = 17.0.32014.148
MinimumVisualStudioVersion = 10.0.40219.1
Project("{FAE04EC0-301F-11D3-BF4B-00C04F79EFBC}") = "Lab_7", "Lab_7\Lab_7.csproj", "{2A9FA23E-54E1-43E6-85A6-576756EF2E71}"
EndProject
Global
	GlobalSection(SolutionConfigurationPlatforms) = preSolution
		Debug|Any CPU = Debug|Any CPU
		Release|Any CPU = Release|Any CPU
	EndGlobalSection
	GlobalSection(ProjectConfigurationPlatforms) = postSolution
		{2A9FA23E-54E1-43E6-85A6-576756EF2E71}.Debug|Any CPU.ActiveCfg = Debug|Any CPU
		{2A9FA23E-54E1-43E6-85A6-576756EF2E71}.Debug|Any CPU.Build.0 = Debug|Any CPU
		{2A9FA23E-54E1-43E6-85A6-576756EF2E71}.Release|Any CPU.ActiveCfg = Release|Any CPU
		{2A9FA23E-54E1-43E6-85A6-576756EF2E71}.Release|Any CPU.Build.0 = Release|Any CPU
	EndGlobalSection
	GlobalSection(SolutionProperties) = preSolution
		HideSolutionNode = FALSE
	EndGlobalSection
	GlobalSection(ExtensibilityGlobals) = postSolution
		SolutionGuid = {D39AF6AF-EFE0-4A9E-85DA-53CE6AEABB94}
	EndGlobalSection
EndGlobal
